// !$*UTF8*$!
{
	archiveVersion = 1;
	classes = {
	};
	objectVersion = 77;
	objects = {

/* Begin PBXContainerItemProxy section */
		9EF5DFC92D71584300C56E67 /* PBXContainerItemProxy */ = {
			isa = PBXContainerItemProxy;
			containerPortal = 9EF5DFB02D71584100C56E67 /* Project object */;
			proxyType = 1;
			remoteGlobalIDString = 9EF5DFB72D71584100C56E67;
			remoteInfo = TheMoon;
		};
		9EF5DFD32D71584300C56E67 /* PBXContainerItemProxy */ = {
			isa = PBXContainerItemProxy;
			containerPortal = 9EF5DFB02D71584100C56E67 /* Project object */;
			proxyType = 1;
			remoteGlobalIDString = 9EF5DFB72D71584100C56E67;
			remoteInfo = TheMoon;
		};
/* End PBXContainerItemProxy section */

/* Begin PBXFileReference section */
		9EF5DFB82D71584100C56E67 /* TheMoon.app */ = {isa = PBXFileReference; explicitFileType = wrapper.application; includeInIndex = 0; path = TheMoon.app; sourceTree = BUILT_PRODUCTS_DIR; };
		9EF5DFC82D71584300C56E67 /* TheMoonTests.xctest */ = {isa = PBXFileReference; explicitFileType = wrapper.cfbundle; includeInIndex = 0; path = TheMoonTests.xctest; sourceTree = BUILT_PRODUCTS_DIR; };
		9EF5DFD22D71584300C56E67 /* TheMoonUITests.xctest */ = {isa = PBXFileReference; explicitFileType = wrapper.cfbundle; includeInIndex = 0; path = TheMoonUITests.xctest; sourceTree = BUILT_PRODUCTS_DIR; };
/* End PBXFileReference section */

/* Begin PBXFileSystemSynchronizedBuildFileExceptionSet section */
		9EEB2D6C2D7239AF00DE19E7 /* Exceptions for "Tests" folder in "TheMoon" target */ = {
			isa = PBXFileSystemSynchronizedBuildFileExceptionSet;
			membershipExceptions = (
				TheMoonTests/TheMoonTests.swift,
				TheMoonUITests/TheMoonUITests.swift,
				TheMoonUITests/TheMoonUITestsLaunchTests.swift,
			);
			target = 9EF5DFB72D71584100C56E67 /* TheMoon */;
		};
		9EEB2D6D2D7239AF00DE19E7 /* Exceptions for "Tests" folder in "TheMoonTests" target */ = {
			isa = PBXFileSystemSynchronizedBuildFileExceptionSet;
			membershipExceptions = (
				TheMoonTests/TheMoonTests.swift,
			);
			target = 9EF5DFC72D71584300C56E67 /* TheMoonTests */;
		};
		9EEB2D732D7239B100DE19E7 /* Exceptions for "Tests" folder in "TheMoonUITests" target */ = {
			isa = PBXFileSystemSynchronizedBuildFileExceptionSet;
			membershipExceptions = (
				TheMoonUITests/TheMoonUITests.swift,
				TheMoonUITests/TheMoonUITestsLaunchTests.swift,
			);
			target = 9EF5DFD12D71584300C56E67 /* TheMoonUITests */;
		};
/* End PBXFileSystemSynchronizedBuildFileExceptionSet section */

/* Begin PBXFileSystemSynchronizedRootGroup section */
		9EEB2D682D7239A900DE19E7 /* Tests */ = {
			isa = PBXFileSystemSynchronizedRootGroup;
			exceptions = (
				9EEB2D6C2D7239AF00DE19E7 /* Exceptions for "Tests" folder in "TheMoon" target */,
				9EEB2D6D2D7239AF00DE19E7 /* Exceptions for "Tests" folder in "TheMoonTests" target */,
				9EEB2D732D7239B100DE19E7 /* Exceptions for "Tests" folder in "TheMoonUITests" target */,
			);
			path = Tests;
			sourceTree = "<group>";
		};
		9EF5DFBA2D71584100C56E67 /* TheMoon */ = {
			isa = PBXFileSystemSynchronizedRootGroup;
			path = TheMoon;
			sourceTree = "<group>";
		};
/* End PBXFileSystemSynchronizedRootGroup section */

/* Begin PBXFrameworksBuildPhase section */
		9EF5DFB52D71584100C56E67 /* Frameworks */ = {
			isa = PBXFrameworksBuildPhase;
			buildActionMask = 2147483647;
			files = (
			);
			runOnlyForDeploymentPostprocessing = 0;
		};
		9EF5DFC52D71584300C56E67 /* Frameworks */ = {
			isa = PBXFrameworksBuildPhase;
			buildActionMask = 2147483647;
			files = (
			);
			runOnlyForDeploymentPostprocessing = 0;
		};
		9EF5DFCF2D71584300C56E67 /* Frameworks */ = {
			isa = PBXFrameworksBuildPhase;
			buildActionMask = 2147483647;
			files = (
			);
			runOnlyForDeploymentPostprocessing = 0;
		};
/* End PBXFrameworksBuildPhase section */

/* Begin PBXGroup section */
		9EF5DFAF2D71584100C56E67 = {
			isa = PBXGroup;
			children = (
				9EEB2D682D7239A900DE19E7 /* Tests */,
				9EF5DFBA2D71584100C56E67 /* TheMoon */,
				9EF5DFB92D71584100C56E67 /* Products */,
			);
			sourceTree = "<group>";
		};
		9EF5DFB92D71584100C56E67 /* Products */ = {
			isa = PBXGroup;
			children = (
				9EF5DFB82D71584100C56E67 /* TheMoon.app */,
				9EF5DFC82D71584300C56E67 /* TheMoonTests.xctest */,
				9EF5DFD22D71584300C56E67 /* TheMoonUITests.xctest */,
			);
			name = Products;
			sourceTree = "<group>";
		};
/* End PBXGroup section */

/* Begin PBXNativeTarget section */
		9EF5DFB72D71584100C56E67 /* TheMoon */ = {
			isa = PBXNativeTarget;
			buildConfigurationList = 9EF5DFDC2D71584300C56E67 /* Build configuration list for PBXNativeTarget "TheMoon" */;
			buildPhases = (
				9EF5DFB42D71584100C56E67 /* Sources */,
				9EF5DFB52D71584100C56E67 /* Frameworks */,
				9EF5DFB62D71584100C56E67 /* Resources */,
			);
			buildRules = (
			);
			dependencies = (
			);
			fileSystemSynchronizedGroups = (
				9EEB2D682D7239A900DE19E7 /* Tests */,
				9EF5DFBA2D71584100C56E67 /* TheMoon */,
			);
			name = TheMoon;
			packageProductDependencies = (
			);
			productName = TheMoon;
			productReference = 9EF5DFB82D71584100C56E67 /* TheMoon.app */;
			productType = "com.apple.product-type.application";
		};
		9EF5DFC72D71584300C56E67 /* TheMoonTests */ = {
			isa = PBXNativeTarget;
			buildConfigurationList = 9EF5DFDF2D71584300C56E67 /* Build configuration list for PBXNativeTarget "TheMoonTests" */;
			buildPhases = (
				9EF5DFC42D71584300C56E67 /* Sources */,
				9EF5DFC52D71584300C56E67 /* Frameworks */,
				9EF5DFC62D71584300C56E67 /* Resources */,
			);
			buildRules = (
			);
			dependencies = (
				9EF5DFCA2D71584300C56E67 /* PBXTargetDependency */,
			);
			name = TheMoonTests;
			packageProductDependencies = (
			);
			productName = TheMoonTests;
			productReference = 9EF5DFC82D71584300C56E67 /* TheMoonTests.xctest */;
			productType = "com.apple.product-type.bundle.unit-test";
		};
		9EF5DFD12D71584300C56E67 /* TheMoonUITests */ = {
			isa = PBXNativeTarget;
			buildConfigurationList = 9EF5DFE22D71584300C56E67 /* Build configuration list for PBXNativeTarget "TheMoonUITests" */;
			buildPhases = (
				9EF5DFCE2D71584300C56E67 /* Sources */,
				9EF5DFCF2D71584300C56E67 /* Frameworks */,
				9EF5DFD02D71584300C56E67 /* Resources */,
			);
			buildRules = (
			);
			dependencies = (
				9EF5DFD42D71584300C56E67 /* PBXTargetDependency */,
			);
			name = TheMoonUITests;
			packageProductDependencies = (
			);
			productName = TheMoonUITests;
			productReference = 9EF5DFD22D71584300C56E67 /* TheMoonUITests.xctest */;
			productType = "com.apple.product-type.bundle.ui-testing";
		};
/* End PBXNativeTarget section */

/* Begin PBXProject section */
		9EF5DFB02D71584100C56E67 /* Project object */ = {
			isa = PBXProject;
			attributes = {
				BuildIndependentTargetsInParallel = 1;
				LastSwiftUpdateCheck = 1620;
				LastUpgradeCheck = 1620;
				TargetAttributes = {
					9EF5DFB72D71584100C56E67 = {
						CreatedOnToolsVersion = 16.2;
					};
					9EF5DFC72D71584300C56E67 = {
						CreatedOnToolsVersion = 16.2;
						TestTargetID = 9EF5DFB72D71584100C56E67;
					};
					9EF5DFD12D71584300C56E67 = {
						CreatedOnToolsVersion = 16.2;
						TestTargetID = 9EF5DFB72D71584100C56E67;
					};
				};
			};
			buildConfigurationList = 9EF5DFB32D71584100C56E67 /* Build configuration list for PBXProject "TheMoon" */;
			developmentRegion = en;
			hasScannedForEncodings = 0;
			knownRegions = (
				en,
				Base,
			);
			mainGroup = 9EF5DFAF2D71584100C56E67;
			minimizedProjectReferenceProxies = 1;
			preferredProjectObjectVersion = 77;
			productRefGroup = 9EF5DFB92D71584100C56E67 /* Products */;
			projectDirPath = "";
			projectRoot = "";
			targets = (
				9EF5DFB72D71584100C56E67 /* TheMoon */,
				9EF5DFC72D71584300C56E67 /* TheMoonTests */,
				9EF5DFD12D71584300C56E67 /* TheMoonUITests */,
			);
		};
/* End PBXProject section */

/* Begin PBXResourcesBuildPhase section */
		9EF5DFB62D71584100C56E67 /* Resources */ = {
			isa = PBXResourcesBuildPhase;
			buildActionMask = 2147483647;
			files = (
			);
			runOnlyForDeploymentPostprocessing = 0;
		};
		9EF5DFC62D71584300C56E67 /* Resources */ = {
			isa = PBXResourcesBuildPhase;
			buildActionMask = 2147483647;
			files = (
			);
			runOnlyForDeploymentPostprocessing = 0;
		};
		9EF5DFD02D71584300C56E67 /* Resources */ = {
			isa = PBXResourcesBuildPhase;
			buildActionMask = 2147483647;
			files = (
			);
			runOnlyForDeploymentPostprocessing = 0;
		};
/* End PBXResourcesBuildPhase section */

/* Begin PBXSourcesBuildPhase section */
		9EF5DFB42D71584100C56E67 /* Sources */ = {
			isa = PBXSourcesBuildPhase;
			buildActionMask = 2147483647;
			files = (
			);
			runOnlyForDeploymentPostprocessing = 0;
		};
		9EF5DFC42D71584300C56E67 /* Sources */ = {
			isa = PBXSourcesBuildPhase;
			buildActionMask = 2147483647;
			files = (
			);
			runOnlyForDeploymentPostprocessing = 0;
		};
		9EF5DFCE2D71584300C56E67 /* Sources */ = {
			isa = PBXSourcesBuildPhase;
			buildActionMask = 2147483647;
			files = (
			);
			runOnlyForDeploymentPostprocessing = 0;
		};
/* End PBXSourcesBuildPhase section */

/* Begin PBXTargetDependency section */
		9EF5DFCA2D71584300C56E67 /* PBXTargetDependency */ = {
			isa = PBXTargetDependency;
			target = 9EF5DFB72D71584100C56E67 /* TheMoon */;
			targetProxy = 9EF5DFC92D71584300C56E67 /* PBXContainerItemProxy */;
		};
		9EF5DFD42D71584300C56E67 /* PBXTargetDependency */ = {
			isa = PBXTargetDependency;
			target = 9EF5DFB72D71584100C56E67 /* TheMoon */;
			targetProxy = 9EF5DFD32D71584300C56E67 /* PBXContainerItemProxy */;
		};
/* End PBXTargetDependency section */

/* Begin XCBuildConfiguration section */
		9EF5DFDA2D71584300C56E67 /* Debug */ = {
			isa = XCBuildConfiguration;
			buildSettings = {
				ALWAYS_SEARCH_USER_PATHS = NO;
				ASSETCATALOG_COMPILER_GENERATE_SWIFT_ASSET_SYMBOL_EXTENSIONS = YES;
				CLANG_ANALYZER_NONNULL = YES;
				CLANG_ANALYZER_NUMBER_OBJECT_CONVERSION = YES_AGGRESSIVE;
				CLANG_CXX_LANGUAGE_STANDARD = "gnu++20";
				CLANG_ENABLE_MODULES = YES;
				CLANG_ENABLE_OBJC_ARC = YES;
				CLANG_ENABLE_OBJC_WEAK = YES;
				CLANG_WARN_BLOCK_CAPTURE_AUTORELEASING = YES;
				CLANG_WARN_BOOL_CONVERSION = YES;
				CLANG_WARN_COMMA = YES;
				CLANG_WARN_CONSTANT_CONVERSION = YES;
				CLANG_WARN_DEPRECATED_OBJC_IMPLEMENTATIONS = YES;
				CLANG_WARN_DIRECT_OBJC_ISA_USAGE = YES_ERROR;
				CLANG_WARN_DOCUMENTATION_COMMENTS = YES;
				CLANG_WARN_EMPTY_BODY = YES;
				CLANG_WARN_ENUM_CONVERSION = YES;
				CLANG_WARN_INFINITE_RECURSION = YES;
				CLANG_WARN_INT_CONVERSION = YES;
				CLANG_WARN_NON_LITERAL_NULL_CONVERSION = YES;
				CLANG_WARN_OBJC_IMPLICIT_RETAIN_SELF = YES;
				CLANG_WARN_OBJC_LITERAL_CONVERSION = YES;
				CLANG_WARN_OBJC_ROOT_CLASS = YES_ERROR;
				CLANG_WARN_QUOTED_INCLUDE_IN_FRAMEWORK_HEADER = YES;
				CLANG_WARN_RANGE_LOOP_ANALYSIS = YES;
				CLANG_WARN_STRICT_PROTOTYPES = YES;
				CLANG_WARN_SUSPICIOUS_MOVE = YES;
				CLANG_WARN_UNGUARDED_AVAILABILITY = YES_AGGRESSIVE;
				CLANG_WARN_UNREACHABLE_CODE = YES;
				CLANG_WARN__DUPLICATE_METHOD_MATCH = YES;
				COPY_PHASE_STRIP = NO;
				DEBUG_INFORMATION_FORMAT = dwarf;
				ENABLE_STRICT_OBJC_MSGSEND = YES;
				ENABLE_TESTABILITY = YES;
				ENABLE_USER_SCRIPT_SANDBOXING = YES;
				GCC_C_LANGUAGE_STANDARD = gnu17;
				GCC_DYNAMIC_NO_PIC = NO;
				GCC_NO_COMMON_BLOCKS = YES;
				GCC_OPTIMIZATION_LEVEL = 0;
				GCC_PREPROCESSOR_DEFINITIONS = (
					"DEBUG=1",
					"$(inherited)",
				);
				GCC_WARN_64_TO_32_BIT_CONVERSION = YES;
				GCC_WARN_ABOUT_RETURN_TYPE = YES_ERROR;
				GCC_WARN_UNDECLARED_SELECTOR = YES;
				GCC_WARN_UNINITIALIZED_AUTOS = YES_AGGRESSIVE;
				GCC_WARN_UNUSED_FUNCTION = YES;
				GCC_WARN_UNUSED_VARIABLE = YES;
				IPHONEOS_DEPLOYMENT_TARGET = 18.2;
				LOCALIZATION_PREFERS_STRING_CATALOGS = YES;
				MTL_ENABLE_DEBUG_INFO = INCLUDE_SOURCE;
				MTL_FAST_MATH = YES;
				ONLY_ACTIVE_ARCH = YES;
				SDKROOT = iphoneos;
				SWIFT_ACTIVE_COMPILATION_CONDITIONS = "DEBUG $(inherited)";
				SWIFT_OPTIMIZATION_LEVEL = "-Onone";
			};
			name = Debug;
		};
		9EF5DFDB2D71584300C56E67 /* Release */ = {
			isa = XCBuildConfiguration;
			buildSettings = {
				ALWAYS_SEARCH_USER_PATHS = NO;
				ASSETCATALOG_COMPILER_GENERATE_SWIFT_ASSET_SYMBOL_EXTENSIONS = YES;
				CLANG_ANALYZER_NONNULL = YES;
				CLANG_ANALYZER_NUMBER_OBJECT_CONVERSION = YES_AGGRESSIVE;
				CLANG_CXX_LANGUAGE_STANDARD = "gnu++20";
				CLANG_ENABLE_MODULES = YES;
				CLANG_ENABLE_OBJC_ARC = YES;
				CLANG_ENABLE_OBJC_WEAK = YES;
				CLANG_WARN_BLOCK_CAPTURE_AUTORELEASING = YES;
				CLANG_WARN_BOOL_CONVERSION = YES;
				CLANG_WARN_COMMA = YES;
				CLANG_WARN_CONSTANT_CONVERSION = YES;
				CLANG_WARN_DEPRECATED_OBJC_IMPLEMENTATIONS = YES;
				CLANG_WARN_DIRECT_OBJC_ISA_USAGE = YES_ERROR;
				CLANG_WARN_DOCUMENTATION_COMMENTS = YES;
				CLANG_WARN_EMPTY_BODY = YES;
				CLANG_WARN_ENUM_CONVERSION = YES;
				CLANG_WARN_INFINITE_RECURSION = YES;
				CLANG_WARN_INT_CONVERSION = YES;
				CLANG_WARN_NON_LITERAL_NULL_CONVERSION = YES;
				CLANG_WARN_OBJC_IMPLICIT_RETAIN_SELF = YES;
				CLANG_WARN_OBJC_LITERAL_CONVERSION = YES;
				CLANG_WARN_OBJC_ROOT_CLASS = YES_ERROR;
				CLANG_WARN_QUOTED_INCLUDE_IN_FRAMEWORK_HEADER = YES;
				CLANG_WARN_RANGE_LOOP_ANALYSIS = YES;
				CLANG_WARN_STRICT_PROTOTYPES = YES;
				CLANG_WARN_SUSPICIOUS_MOVE = YES;
				CLANG_WARN_UNGUARDED_AVAILABILITY = YES_AGGRESSIVE;
				CLANG_WARN_UNREACHABLE_CODE = YES;
				CLANG_WARN__DUPLICATE_METHOD_MATCH = YES;
				COPY_PHASE_STRIP = NO;
				DEBUG_INFORMATION_FORMAT = "dwarf-with-dsym";
				ENABLE_NS_ASSERTIONS = NO;
				ENABLE_STRICT_OBJC_MSGSEND = YES;
				ENABLE_USER_SCRIPT_SANDBOXING = YES;
				GCC_C_LANGUAGE_STANDARD = gnu17;
				GCC_NO_COMMON_BLOCKS = YES;
				GCC_WARN_64_TO_32_BIT_CONVERSION = YES;
				GCC_WARN_ABOUT_RETURN_TYPE = YES_ERROR;
				GCC_WARN_UNDECLARED_SELECTOR = YES;
				GCC_WARN_UNINITIALIZED_AUTOS = YES_AGGRESSIVE;
				GCC_WARN_UNUSED_FUNCTION = YES;
				GCC_WARN_UNUSED_VARIABLE = YES;
				IPHONEOS_DEPLOYMENT_TARGET = 18.2;
				LOCALIZATION_PREFERS_STRING_CATALOGS = YES;
				MTL_ENABLE_DEBUG_INFO = NO;
				MTL_FAST_MATH = YES;
				SDKROOT = iphoneos;
				SWIFT_COMPILATION_MODE = wholemodule;
				VALIDATE_PRODUCT = YES;
			};
			name = Release;
		};
		9EF5DFDD2D71584300C56E67 /* Debug */ = {
			isa = XCBuildConfiguration;
			buildSettings = {
				ASSETCATALOG_COMPILER_APPICON_NAME = AppIcon;
				ASSETCATALOG_COMPILER_GLOBAL_ACCENT_COLOR_NAME = AccentColor;
				CODE_SIGN_STYLE = Automatic;
				CURRENT_PROJECT_VERSION = 1;
				DEVELOPMENT_ASSET_PATHS = "\"TheMoon/Preview Content\"";
				ENABLE_PREVIEWS = YES;
				GENERATE_INFOPLIST_FILE = YES;
				INFOPLIST_KEY_UIApplicationSceneManifest_Generation = YES;
				INFOPLIST_KEY_UIApplicationSupportsIndirectInputEvents = YES;
				INFOPLIST_KEY_UILaunchScreen_Generation = YES;
				INFOPLIST_KEY_UISupportedInterfaceOrientations_iPad = "UIInterfaceOrientationPortrait UIInterfaceOrientationPortraitUpsideDown UIInterfaceOrientationLandscapeLeft UIInterfaceOrientationLandscapeRight";
				INFOPLIST_KEY_UISupportedInterfaceOrientations_iPhone = "UIInterfaceOrientationPortrait UIInterfaceOrientationLandscapeLeft UIInterfaceOrientationLandscapeRight";
				LD_RUNPATH_SEARCH_PATHS = (
					"$(inherited)",
					"@executable_path/Frameworks",
				);
				MARKETING_VERSION = 1.0;
				PRODUCT_BUNDLE_IDENTIFIER = GustavoBatista.TheMoon;
				PRODUCT_NAME = "$(TARGET_NAME)";
				SWIFT_EMIT_LOC_STRINGS = YES;
				SWIFT_VERSION = 5.0;
				TARGETED_DEVICE_FAMILY = "1,2";
			};
			name = Debug;
		};
		9EF5DFDE2D71584300C56E67 /* Release */ = {
			isa = XCBuildConfiguration;
			buildSettings = {
				ASSETCATALOG_COMPILER_APPICON_NAME = AppIcon;
				ASSETCATALOG_COMPILER_GLOBAL_ACCENT_COLOR_NAME = AccentColor;
				CODE_SIGN_STYLE = Automatic;
				CURRENT_PROJECT_VERSION = 1;
				DEVELOPMENT_ASSET_PATHS = "\"TheMoon/Preview Content\"";
				ENABLE_PREVIEWS = YES;
				GENERATE_INFOPLIST_FILE = YES;
				INFOPLIST_KEY_UIApplicationSceneManifest_Generation = YES;
				INFOPLIST_KEY_UIApplicationSupportsIndirectInputEvents = YES;
				INFOPLIST_KEY_UILaunchScreen_Generation = YES;
				INFOPLIST_KEY_UISupportedInterfaceOrientations_iPad = "UIInterfaceOrientationPortrait UIInterfaceOrientationPortraitUpsideDown UIInterfaceOrientationLandscapeLeft UIInterfaceOrientationLandscapeRight";
				INFOPLIST_KEY_UISupportedInterfaceOrientations_iPhone = "UIInterfaceOrientationPortrait UIInterfaceOrientationLandscapeLeft UIInterfaceOrientationLandscapeRight";
				LD_RUNPATH_SEARCH_PATHS = (
					"$(inherited)",
					"@executable_path/Frameworks",
				);
				MARKETING_VERSION = 1.0;
				PRODUCT_BUNDLE_IDENTIFIER = GustavoBatista.TheMoon;
				PRODUCT_NAME = "$(TARGET_NAME)";
				SWIFT_EMIT_LOC_STRINGS = YES;
				SWIFT_VERSION = 5.0;
				TARGETED_DEVICE_FAMILY = "1,2";
			};
			name = Release;
		};
		9EF5DFE02D71584300C56E67 /* Debug */ = {
			isa = XCBuildConfiguration;
			buildSettings = {
				BUNDLE_LOADER = "$(TEST_HOST)";
				CODE_SIGN_STYLE = Automatic;
				CURRENT_PROJECT_VERSION = 1;
				GENERATE_INFOPLIST_FILE = YES;
				IPHONEOS_DEPLOYMENT_TARGET = 18.2;
				MARKETING_VERSION = 1.0;
				PRODUCT_BUNDLE_IDENTIFIER = GustavoBatista.TheMoonTests;
				PRODUCT_NAME = "$(TARGET_NAME)";
				SWIFT_EMIT_LOC_STRINGS = NO;
				SWIFT_VERSION = 5.0;
				TARGETED_DEVICE_FAMILY = "1,2";
				TEST_HOST = "$(BUILT_PRODUCTS_DIR)/TheMoon.app/$(BUNDLE_EXECUTABLE_FOLDER_PATH)/TheMoon";
			};
			name = Debug;
		};
		9EF5DFE12D71584300C56E67 /* Release */ = {
			isa = XCBuildConfiguration;
			buildSettings = {
				BUNDLE_LOADER = "$(TEST_HOST)";
				CODE_SIGN_STYLE = Automatic;
				CURRENT_PROJECT_VERSION = 1;
				GENERATE_INFOPLIST_FILE = YES;
				IPHONEOS_DEPLOYMENT_TARGET = 18.2;
				MARKETING_VERSION = 1.0;
				PRODUCT_BUNDLE_IDENTIFIER = GustavoBatista.TheMoonTests;
				PRODUCT_NAME = "$(TARGET_NAME)";
				SWIFT_EMIT_LOC_STRINGS = NO;
				SWIFT_VERSION = 5.0;
				TARGETED_DEVICE_FAMILY = "1,2";
				TEST_HOST = "$(BUILT_PRODUCTS_DIR)/TheMoon.app/$(BUNDLE_EXECUTABLE_FOLDER_PATH)/TheMoon";
			};
			name = Release;
		};
		9EF5DFE32D71584300C56E67 /* Debug */ = {
			isa = XCBuildConfiguration;
			buildSettings = {
				CODE_SIGN_STYLE = Automatic;
				CURRENT_PROJECT_VERSION = 1;
				GENERATE_INFOPLIST_FILE = YES;
				MARKETING_VERSION = 1.0;
				PRODUCT_BUNDLE_IDENTIFIER = GustavoBatista.TheMoonUITests;
				PRODUCT_NAME = "$(TARGET_NAME)";
				SWIFT_EMIT_LOC_STRINGS = NO;
				SWIFT_VERSION = 5.0;
				TARGETED_DEVICE_FAMILY = "1,2";
				TEST_TARGET_NAME = TheMoon;
			};
			name = Debug;
		};
		9EF5DFE42D71584300C56E67 /* Release */ = {
			isa = XCBuildConfiguration;
			buildSettings = {
				CODE_SIGN_STYLE = Automatic;
				CURRENT_PROJECT_VERSION = 1;
				GENERATE_INFOPLIST_FILE = YES;
				MARKETING_VERSION = 1.0;
				PRODUCT_BUNDLE_IDENTIFIER = GustavoBatista.TheMoonUITests;
				PRODUCT_NAME = "$(TARGET_NAME)";
				SWIFT_EMIT_LOC_STRINGS = NO;
				SWIFT_VERSION = 5.0;
				TARGETED_DEVICE_FAMILY = "1,2";
				TEST_TARGET_NAME = TheMoon;
			};
			name = Release;
		};
/* End XCBuildConfiguration section */

/* Begin XCConfigurationList section */
		9EF5DFB32D71584100C56E67 /* Build configuration list for PBXProject "TheMoon" */ = {
			isa = XCConfigurationList;
			buildConfigurations = (
				9EF5DFDA2D71584300C56E67 /* Debug */,
				9EF5DFDB2D71584300C56E67 /* Release */,
			);
			defaultConfigurationIsVisible = 0;
			defaultConfigurationName = Release;
		};
		9EF5DFDC2D71584300C56E67 /* Build configuration list for PBXNativeTarget "TheMoon" */ = {
			isa = XCConfigurationList;
			buildConfigurations = (
				9EF5DFDD2D71584300C56E67 /* Debug */,
				9EF5DFDE2D71584300C56E67 /* Release */,
			);
			defaultConfigurationIsVisible = 0;
			defaultConfigurationName = Release;
		};
		9EF5DFDF2D71584300C56E67 /* Build configuration list for PBXNativeTarget "TheMoonTests" */ = {
			isa = XCConfigurationList;
			buildConfigurations = (
				9EF5DFE02D71584300C56E67 /* Debug */,
				9EF5DFE12D71584300C56E67 /* Release */,
			);
			defaultConfigurationIsVisible = 0;
			defaultConfigurationName = Release;
		};
		9EF5DFE22D71584300C56E67 /* Build configuration list for PBXNativeTarget "TheMoonUITests" */ = {
			isa = XCConfigurationList;
			buildConfigurations = (
				9EF5DFE32D71584300C56E67 /* Debug */,
				9EF5DFE42D71584300C56E67 /* Release */,
			);
			defaultConfigurationIsVisible = 0;
			defaultConfigurationName = Release;
		};
/* End XCConfigurationList section */
	};
	rootObject = 9EF5DFB02D71584100C56E67 /* Project object */;
}
